
Microsoft Visual Studio Solution File, Format Version 12.00
# Visual Studio Version 17
VisualStudioVersion = 17.3.32901.215
MinimumVisualStudioVersion = 10.0.40219.1
Project("{FAE04EC0-301F-11D3-BF4B-00C04F79EFBC}") = "Exe 3", "Exe 3\Exe 3.csproj", "{4E2C9914-1A22-4D01-B535-70AA4C7E9357}"
EndProject
Global
	GlobalSection(SolutionConfigurationPlatforms) = preSolution
		Debug|Any CPU = Debug|Any CPU
		Release|Any CPU = Release|Any CPU
	EndGlobalSection
	GlobalSection(ProjectConfigurationPlatforms) = postSolution
		{4E2C9914-1A22-4D01-B535-70AA4C7E9357}.Debug|Any CPU.ActiveCfg = Debug|Any CPU
		{4E2C9914-1A22-4D01-B535-70AA4C7E9357}.Debug|Any CPU.Build.0 = Debug|Any CPU
		{4E2C9914-1A22-4D01-B535-70AA4C7E9357}.Release|Any CPU.ActiveCfg = Release|Any CPU
		{4E2C9914-1A22-4D01-B535-70AA4C7E9357}.Release|Any CPU.Build.0 = Release|Any CPU
	EndGlobalSection
	GlobalSection(SolutionProperties) = preSolution
		HideSolutionNode = FALSE
	EndGlobalSection
	GlobalSection(ExtensibilityGlobals) = postSolution
		SolutionGuid = {392C0B2D-4E87-4EEE-98E6-52F647D41660}
	EndGlobalSection
EndGlobal
